// !$*UTF8*$!
{
	archiveVersion = 1;
	classes = {
	};
	objectVersion = 52;
	objects = {

/* Begin PBXBuildFile section */
		780027EF257E29E000C909B2 /* AppDelegate.swift in Sources */ = {isa = PBXBuildFile; fileRef = 780027EE257E29E000C909B2 /* AppDelegate.swift */; };
		780027F9257E29E000C909B2 /* Weather_Skillbox_.xcdatamodeld in Sources */ = {isa = PBXBuildFile; fileRef = 780027F7257E29E000C909B2 /* Weather_Skillbox_.xcdatamodeld */; };
		780027FB257E29E100C909B2 /* Assets.xcassets in Resources */ = {isa = PBXBuildFile; fileRef = 780027FA257E29E100C909B2 /* Assets.xcassets */; };
		780027FE257E29E100C909B2 /* LaunchScreen.storyboard in Resources */ = {isa = PBXBuildFile; fileRef = 780027FC257E29E100C909B2 /* LaunchScreen.storyboard */; };
		78595483257E318900CE699E /* Alamofire in Frameworks */ = {isa = PBXBuildFile; productRef = 78595482257E318900CE699E /* Alamofire */; };
		78595486257E31B000CE699E /* WeatherTableViewCell.swift in Sources */ = {isa = PBXBuildFile; fileRef = 78595485257E31B000CE699E /* WeatherTableViewCell.swift */; };
		7859548F257E31C700CE699E /* WeatherView.xib in Resources */ = {isa = PBXBuildFile; fileRef = 7859548A257E31C600CE699E /* WeatherView.xib */; };
		78595490257E31C700CE699E /* WeatherViewConstraint.swift in Sources */ = {isa = PBXBuildFile; fileRef = 7859548B257E31C600CE699E /* WeatherViewConstraint.swift */; };
		78595491257E31C700CE699E /* RoundedButton.swift in Sources */ = {isa = PBXBuildFile; fileRef = 7859548C257E31C600CE699E /* RoundedButton.swift */; };
		78595492257E31C700CE699E /* WeatherAnimator.swift in Sources */ = {isa = PBXBuildFile; fileRef = 7859548D257E31C700CE699E /* WeatherAnimator.swift */; };
		78595493257E31C700CE699E /* WeatherView.swift in Sources */ = {isa = PBXBuildFile; fileRef = 7859548E257E31C700CE699E /* WeatherView.swift */; };
		7859549B257E31DA00CE699E /* Date+Extensions.swift in Sources */ = {isa = PBXBuildFile; fileRef = 78595496257E31D900CE699E /* Date+Extensions.swift */; };
		7859549C257E31DA00CE699E /* Array+Extensions.swift in Sources */ = {isa = PBXBuildFile; fileRef = 78595497257E31D900CE699E /* Array+Extensions.swift */; };
		7859549D257E31DA00CE699E /* UIView+Extensions.swift in Sources */ = {isa = PBXBuildFile; fileRef = 78595498257E31D900CE699E /* UIView+Extensions.swift */; };
		7859549E257E31DA00CE699E /* String+Extensions.swift in Sources */ = {isa = PBXBuildFile; fileRef = 78595499257E31D900CE699E /* String+Extensions.swift */; };
		7859549F257E31DA00CE699E /* Double+Extensions.swift in Sources */ = {isa = PBXBuildFile; fileRef = 7859549A257E31DA00CE699E /* Double+Extensions.swift */; };
		785954A5257E31F000CE699E /* WeatherViewController.swift in Sources */ = {isa = PBXBuildFile; fileRef = 785954A3257E31F000CE699E /* WeatherViewController.swift */; };
		785954A6257E31F000CE699E /* CurrentWeatherViewController.swift in Sources */ = {isa = PBXBuildFile; fileRef = 785954A4257E31F000CE699E /* CurrentWeatherViewController.swift */; };
		785954AD257E320200CE699E /* ForecastParser.swift in Sources */ = {isa = PBXBuildFile; fileRef = 785954AA257E320200CE699E /* ForecastParser.swift */; };
		785954AE257E320200CE699E /* Weather.swift in Sources */ = {isa = PBXBuildFile; fileRef = 785954AB257E320200CE699E /* Weather.swift */; };
		785954AF257E320200CE699E /* Forecast.swift in Sources */ = {isa = PBXBuildFile; fileRef = 785954AC257E320200CE699E /* Forecast.swift */; };
		785954B6257E320D00CE699E /* WeatherFetcher.swift in Sources */ = {isa = PBXBuildFile; fileRef = 785954B3257E320D00CE699E /* WeatherFetcher.swift */; };
		785954B7257E320D00CE699E /* ForecastFetcher.swift in Sources */ = {isa = PBXBuildFile; fileRef = 785954B4257E320D00CE699E /* ForecastFetcher.swift */; };
		785954B8257E320D00CE699E /* ImageFetcher.swift in Sources */ = {isa = PBXBuildFile; fileRef = 785954B5257E320D00CE699E /* ImageFetcher.swift */; };
		785954BF257E321A00CE699E /* ImageFetcher_Alamofire.swift in Sources */ = {isa = PBXBuildFile; fileRef = 785954BC257E321A00CE699E /* ImageFetcher_Alamofire.swift */; };
		785954C0257E321A00CE699E /* ForeCastFetcher_Alamofire.swift in Sources */ = {isa = PBXBuildFile; fileRef = 785954BD257E321A00CE699E /* ForeCastFetcher_Alamofire.swift */; };
		785954C1257E321A00CE699E /* WeatherFetcher_Alamofire.swift in Sources */ = {isa = PBXBuildFile; fileRef = 785954BE257E321A00CE699E /* WeatherFetcher_Alamofire.swift */; };
		785954C7257E346300CE699E /* Main.storyboard in Resources */ = {isa = PBXBuildFile; fileRef = 785954C6257E346300CE699E /* Main.storyboard */; };
/* End PBXBuildFile section */

/* Begin PBXFileReference section */
		780027EB257E29E000C909B2 /* Weather(Skillbox).app */ = {isa = PBXFileReference; explicitFileType = wrapper.application; includeInIndex = 0; path = "Weather(Skillbox).app"; sourceTree = BUILT_PRODUCTS_DIR; };
		780027EE257E29E000C909B2 /* AppDelegate.swift */ = {isa = PBXFileReference; lastKnownFileType = sourcecode.swift; path = AppDelegate.swift; sourceTree = "<group>"; };
		780027F8257E29E000C909B2 /* Weather_Skillbox_.xcdatamodel */ = {isa = PBXFileReference; lastKnownFileType = wrapper.xcdatamodel; path = Weather_Skillbox_.xcdatamodel; sourceTree = "<group>"; };
		780027FA257E29E100C909B2 /* Assets.xcassets */ = {isa = PBXFileReference; lastKnownFileType = folder.assetcatalog; path = Assets.xcassets; sourceTree = "<group>"; };
		780027FD257E29E100C909B2 /* Base */ = {isa = PBXFileReference; lastKnownFileType = file.storyboard; name = Base; path = Base.lproj/LaunchScreen.storyboard; sourceTree = "<group>"; };
		780027FF257E29E100C909B2 /* Info.plist */ = {isa = PBXFileReference; lastKnownFileType = text.plist.xml; path = Info.plist; sourceTree = "<group>"; };
		78595485257E31B000CE699E /* WeatherTableViewCell.swift */ = {isa = PBXFileReference; fileEncoding = 4; lastKnownFileType = sourcecode.swift; path = WeatherTableViewCell.swift; sourceTree = "<group>"; };
		7859548A257E31C600CE699E /* WeatherView.xib */ = {isa = PBXFileReference; fileEncoding = 4; lastKnownFileType = file.xib; path = WeatherView.xib; sourceTree = "<group>"; };
		7859548B257E31C600CE699E /* WeatherViewConstraint.swift */ = {isa = PBXFileReference; fileEncoding = 4; lastKnownFileType = sourcecode.swift; path = WeatherViewConstraint.swift; sourceTree = "<group>"; };
		7859548C257E31C600CE699E /* RoundedButton.swift */ = {isa = PBXFileReference; fileEncoding = 4; lastKnownFileType = sourcecode.swift; path = RoundedButton.swift; sourceTree = "<group>"; };
		7859548D257E31C700CE699E /* WeatherAnimator.swift */ = {isa = PBXFileReference; fileEncoding = 4; lastKnownFileType = sourcecode.swift; path = WeatherAnimator.swift; sourceTree = "<group>"; };
		7859548E257E31C700CE699E /* WeatherView.swift */ = {isa = PBXFileReference; fileEncoding = 4; lastKnownFileType = sourcecode.swift; path = WeatherView.swift; sourceTree = "<group>"; };
		78595496257E31D900CE699E /* Date+Extensions.swift */ = {isa = PBXFileReference; fileEncoding = 4; lastKnownFileType = sourcecode.swift; path = "Date+Extensions.swift"; sourceTree = "<group>"; };
		78595497257E31D900CE699E /* Array+Extensions.swift */ = {isa = PBXFileReference; fileEncoding = 4; lastKnownFileType = sourcecode.swift; path = "Array+Extensions.swift"; sourceTree = "<group>"; };
		78595498257E31D900CE699E /* UIView+Extensions.swift */ = {isa = PBXFileReference; fileEncoding = 4; lastKnownFileType = sourcecode.swift; path = "UIView+Extensions.swift"; sourceTree = "<group>"; };
		78595499257E31D900CE699E /* String+Extensions.swift */ = {isa = PBXFileReference; fileEncoding = 4; lastKnownFileType = sourcecode.swift; path = "String+Extensions.swift"; sourceTree = "<group>"; };
		7859549A257E31DA00CE699E /* Double+Extensions.swift */ = {isa = PBXFileReference; fileEncoding = 4; lastKnownFileType = sourcecode.swift; path = "Double+Extensions.swift"; sourceTree = "<group>"; };
		785954A3257E31F000CE699E /* WeatherViewController.swift */ = {isa = PBXFileReference; fileEncoding = 4; lastKnownFileType = sourcecode.swift; path = WeatherViewController.swift; sourceTree = "<group>"; };
		785954A4257E31F000CE699E /* CurrentWeatherViewController.swift */ = {isa = PBXFileReference; fileEncoding = 4; lastKnownFileType = sourcecode.swift; path = CurrentWeatherViewController.swift; sourceTree = "<group>"; };
		785954AA257E320200CE699E /* ForecastParser.swift */ = {isa = PBXFileReference; fileEncoding = 4; lastKnownFileType = sourcecode.swift; path = ForecastParser.swift; sourceTree = "<group>"; };
		785954AB257E320200CE699E /* Weather.swift */ = {isa = PBXFileReference; fileEncoding = 4; lastKnownFileType = sourcecode.swift; path = Weather.swift; sourceTree = "<group>"; };
		785954AC257E320200CE699E /* Forecast.swift */ = {isa = PBXFileReference; fileEncoding = 4; lastKnownFileType = sourcecode.swift; path = Forecast.swift; sourceTree = "<group>"; };
		785954B3257E320D00CE699E /* WeatherFetcher.swift */ = {isa = PBXFileReference; fileEncoding = 4; lastKnownFileType = sourcecode.swift; path = WeatherFetcher.swift; sourceTree = "<group>"; };
		785954B4257E320D00CE699E /* ForecastFetcher.swift */ = {isa = PBXFileReference; fileEncoding = 4; lastKnownFileType = sourcecode.swift; path = ForecastFetcher.swift; sourceTree = "<group>"; };
		785954B5257E320D00CE699E /* ImageFetcher.swift */ = {isa = PBXFileReference; fileEncoding = 4; lastKnownFileType = sourcecode.swift; path = ImageFetcher.swift; sourceTree = "<group>"; };
		785954BC257E321A00CE699E /* ImageFetcher_Alamofire.swift */ = {isa = PBXFileReference; fileEncoding = 4; lastKnownFileType = sourcecode.swift; path = ImageFetcher_Alamofire.swift; sourceTree = "<group>"; };
		785954BD257E321A00CE699E /* ForeCastFetcher_Alamofire.swift */ = {isa = PBXFileReference; fileEncoding = 4; lastKnownFileType = sourcecode.swift; path = ForeCastFetcher_Alamofire.swift; sourceTree = "<group>"; };
		785954BE257E321A00CE699E /* WeatherFetcher_Alamofire.swift */ = {isa = PBXFileReference; fileEncoding = 4; lastKnownFileType = sourcecode.swift; path = WeatherFetcher_Alamofire.swift; sourceTree = "<group>"; };
		785954C6257E346300CE699E /* Main.storyboard */ = {isa = PBXFileReference; fileEncoding = 4; lastKnownFileType = file.storyboard; path = Main.storyboard; sourceTree = "<group>"; };
/* End PBXFileReference section */

/* Begin PBXFrameworksBuildPhase section */
		780027E8257E29E000C909B2 /* Frameworks */ = {
			isa = PBXFrameworksBuildPhase;
			buildActionMask = 2147483647;
			files = (
				78595483257E318900CE699E /* Alamofire in Frameworks */,
			);
			runOnlyForDeploymentPostprocessing = 0;
		};
/* End PBXFrameworksBuildPhase section */

/* Begin PBXGroup section */
		780027E2257E29E000C909B2 = {
			isa = PBXGroup;
			children = (
				780027ED257E29E000C909B2 /* Weather(Skillbox) */,
				780027EC257E29E000C909B2 /* Products */,
			);
			sourceTree = "<group>";
		};
		780027EC257E29E000C909B2 /* Products */ = {
			isa = PBXGroup;
			children = (
				780027EB257E29E000C909B2 /* Weather(Skillbox).app */,
			);
			name = Products;
			sourceTree = "<group>";
		};
		780027ED257E29E000C909B2 /* Weather(Skillbox) */ = {
			isa = PBXGroup;
			children = (
				785954C6257E346300CE699E /* Main.storyboard */,
				785954A8257E31F200CE699E /* Model */,
				78595489257E31BC00CE699E /* View */,
				78595488257E31B400CE699E /* Cell */,
				785954A2257E31E500CE699E /* Controller */,
				78595495257E31CD00CE699E /* Extensions */,
				78002808257E2A2A00C909B2 /* Misc */,
			);
			path = "Weather(Skillbox)";
			sourceTree = "<group>";
		};
		78002808257E2A2A00C909B2 /* Misc */ = {
			isa = PBXGroup;
			children = (
				780027EE257E29E000C909B2 /* AppDelegate.swift */,
				780027FA257E29E100C909B2 /* Assets.xcassets */,
				780027FC257E29E100C909B2 /* LaunchScreen.storyboard */,
				780027FF257E29E100C909B2 /* Info.plist */,
				780027F7257E29E000C909B2 /* Weather_Skillbox_.xcdatamodeld */,
			);
			path = Misc;
			sourceTree = "<group>";
		};
		78595488257E31B400CE699E /* Cell */ = {
			isa = PBXGroup;
			children = (
				78595485257E31B000CE699E /* WeatherTableViewCell.swift */,
			);
			path = Cell;
			sourceTree = "<group>";
		};
		78595489257E31BC00CE699E /* View */ = {
			isa = PBXGroup;
			children = (
				7859548A257E31C600CE699E /* WeatherView.xib */,
				7859548C257E31C600CE699E /* RoundedButton.swift */,
				7859548D257E31C700CE699E /* WeatherAnimator.swift */,
				7859548E257E31C700CE699E /* WeatherView.swift */,
				7859548B257E31C600CE699E /* WeatherViewConstraint.swift */,
			);
			path = View;
			sourceTree = "<group>";
		};
		78595495257E31CD00CE699E /* Extensions */ = {
			isa = PBXGroup;
			children = (
				78595497257E31D900CE699E /* Array+Extensions.swift */,
				78595496257E31D900CE699E /* Date+Extensions.swift */,
				7859549A257E31DA00CE699E /* Double+Extensions.swift */,
				78595499257E31D900CE699E /* String+Extensions.swift */,
				78595498257E31D900CE699E /* UIView+Extensions.swift */,
			);
			path = Extensions;
			sourceTree = "<group>";
		};
		785954A2257E31E500CE699E /* Controller */ = {
			isa = PBXGroup;
			children = (
				785954A4257E31F000CE699E /* CurrentWeatherViewController.swift */,
				785954A3257E31F000CE699E /* WeatherViewController.swift */,
			);
			path = Controller;
			sourceTree = "<group>";
		};
		785954A8257E31F200CE699E /* Model */ = {
			isa = PBXGroup;
			children = (
				785954BA257E320F00CE699E /* Alamofire */,
				785954B1257E320500CE699E /* Native */,
				785954AC257E320200CE699E /* Forecast.swift */,
				785954AA257E320200CE699E /* ForecastParser.swift */,
				785954AB257E320200CE699E /* Weather.swift */,
			);
			path = Model;
			sourceTree = "<group>";
		};
		785954B1257E320500CE699E /* Native */ = {
			isa = PBXGroup;
			children = (
				785954B4257E320D00CE699E /* ForecastFetcher.swift */,
				785954B5257E320D00CE699E /* ImageFetcher.swift */,
				785954B3257E320D00CE699E /* WeatherFetcher.swift */,
			);
			path = Native;
			sourceTree = "<group>";
		};
		785954BA257E320F00CE699E /* Alamofire */ = {
			isa = PBXGroup;
			children = (
				785954BD257E321A00CE699E /* ForeCastFetcher_Alamofire.swift */,
				785954BC257E321A00CE699E /* ImageFetcher_Alamofire.swift */,
				785954BE257E321A00CE699E /* WeatherFetcher_Alamofire.swift */,
			);
			path = Alamofire;
			sourceTree = "<group>";
		};
/* End PBXGroup section */

/* Begin PBXNativeTarget section */
		780027EA257E29E000C909B2 /* Weather(Skillbox) */ = {
			isa = PBXNativeTarget;
			buildConfigurationList = 78002802257E29E100C909B2 /* Build configuration list for PBXNativeTarget "Weather(Skillbox)" */;
			buildPhases = (
				780027E7257E29E000C909B2 /* Sources */,
				780027E8257E29E000C909B2 /* Frameworks */,
				780027E9257E29E000C909B2 /* Resources */,
			);
			buildRules = (
			);
			dependencies = (
			);
			name = "Weather(Skillbox)";
			packageProductDependencies = (
				78595482257E318900CE699E /* Alamofire */,
			);
			productName = "Weather(Skillbox)";
			productReference = 780027EB257E29E000C909B2 /* Weather(Skillbox).app */;
			productType = "com.apple.product-type.application";
		};
/* End PBXNativeTarget section */

/* Begin PBXProject section */
		780027E3257E29E000C909B2 /* Project object */ = {
			isa = PBXProject;
			attributes = {
				LastSwiftUpdateCheck = 1220;
				LastUpgradeCheck = 1220;
				TargetAttributes = {
					780027EA257E29E000C909B2 = {
						CreatedOnToolsVersion = 12.2;
					};
				};
			};
			buildConfigurationList = 780027E6257E29E000C909B2 /* Build configuration list for PBXProject "Weather(Skillbox)" */;
			compatibilityVersion = "Xcode 9.3";
			developmentRegion = en;
			hasScannedForEncodings = 0;
			knownRegions = (
				en,
				Base,
			);
			mainGroup = 780027E2257E29E000C909B2;
			packageReferences = (
				78595481257E318900CE699E /* XCRemoteSwiftPackageReference "Alamofire" */,
			);
			productRefGroup = 780027EC257E29E000C909B2 /* Products */;
			projectDirPath = "";
			projectRoot = "";
			targets = (
				780027EA257E29E000C909B2 /* Weather(Skillbox) */,
			);
		};
/* End PBXProject section */

/* Begin PBXResourcesBuildPhase section */
		780027E9257E29E000C909B2 /* Resources */ = {
			isa = PBXResourcesBuildPhase;
			buildActionMask = 2147483647;
			files = (
				780027FE257E29E100C909B2 /* LaunchScreen.storyboard in Resources */,
				780027FB257E29E100C909B2 /* Assets.xcassets in Resources */,
				7859548F257E31C700CE699E /* WeatherView.xib in Resources */,
				785954C7257E346300CE699E /* Main.storyboard in Resources */,
			);
			runOnlyForDeploymentPostprocessing = 0;
		};
/* End PBXResourcesBuildPhase section */

/* Begin PBXSourcesBuildPhase section */
		780027E7257E29E000C909B2 /* Sources */ = {
			isa = PBXSourcesBuildPhase;
			buildActionMask = 2147483647;
			files = (
				785954B6257E320D00CE699E /* WeatherFetcher.swift in Sources */,
				785954B7257E320D00CE699E /* ForecastFetcher.swift in Sources */,
				7859549F257E31DA00CE699E /* Double+Extensions.swift in Sources */,
				78595486257E31B000CE699E /* WeatherTableViewCell.swift in Sources */,
				7859549E257E31DA00CE699E /* String+Extensions.swift in Sources */,
				785954A6257E31F000CE699E /* CurrentWeatherViewController.swift in Sources */,
				7859549C257E31DA00CE699E /* Array+Extensions.swift in Sources */,
				785954BF257E321A00CE699E /* ImageFetcher_Alamofire.swift in Sources */,
				785954AF257E320200CE699E /* Forecast.swift in Sources */,
				785954A5257E31F000CE699E /* WeatherViewController.swift in Sources */,
				785954B8257E320D00CE699E /* ImageFetcher.swift in Sources */,
				7859549D257E31DA00CE699E /* UIView+Extensions.swift in Sources */,
				7859549B257E31DA00CE699E /* Date+Extensions.swift in Sources */,
				785954AE257E320200CE699E /* Weather.swift in Sources */,
				78595492257E31C700CE699E /* WeatherAnimator.swift in Sources */,
				78595491257E31C700CE699E /* RoundedButton.swift in Sources */,
				785954AD257E320200CE699E /* ForecastParser.swift in Sources */,
				780027F9257E29E000C909B2 /* Weather_Skillbox_.xcdatamodeld in Sources */,
				785954C1257E321A00CE699E /* WeatherFetcher_Alamofire.swift in Sources */,
				78595490257E31C700CE699E /* WeatherViewConstraint.swift in Sources */,
				785954C0257E321A00CE699E /* ForeCastFetcher_Alamofire.swift in Sources */,
				78595493257E31C700CE699E /* WeatherView.swift in Sources */,
				780027EF257E29E000C909B2 /* AppDelegate.swift in Sources */,
			);
			runOnlyForDeploymentPostprocessing = 0;
		};
/* End PBXSourcesBuildPhase section */

/* Begin PBXVariantGroup section */
		780027FC257E29E100C909B2 /* LaunchScreen.storyboard */ = {
			isa = PBXVariantGroup;
			children = (
				780027FD257E29E100C909B2 /* Base */,
			);
			name = LaunchScreen.storyboard;
			sourceTree = "<group>";
		};
/* End PBXVariantGroup section */

/* Begin XCBuildConfiguration section */
		78002800257E29E100C909B2 /* Debug */ = {
			isa = XCBuildConfiguration;
			buildSettings = {
				ALWAYS_SEARCH_USER_PATHS = NO;
				CLANG_ANALYZER_NONNULL = YES;
				CLANG_ANALYZER_NUMBER_OBJECT_CONVERSION = YES_AGGRESSIVE;
				CLANG_CXX_LANGUAGE_STANDARD = "gnu++14";
				CLANG_CXX_LIBRARY = "libc++";
				CLANG_ENABLE_MODULES = YES;
				CLANG_ENABLE_OBJC_ARC = YES;
				CLANG_ENABLE_OBJC_WEAK = YES;
				CLANG_WARN_BLOCK_CAPTURE_AUTORELEASING = YES;
				CLANG_WARN_BOOL_CONVERSION = YES;
				CLANG_WARN_COMMA = YES;
				CLANG_WARN_CONSTANT_CONVERSION = YES;
				CLANG_WARN_DEPRECATED_OBJC_IMPLEMENTATIONS = YES;
				CLANG_WARN_DIRECT_OBJC_ISA_USAGE = YES_ERROR;
				CLANG_WARN_DOCUMENTATION_COMMENTS = YES;
				CLANG_WARN_EMPTY_BODY = YES;
				CLANG_WARN_ENUM_CONVERSION = YES;
				CLANG_WARN_INFINITE_RECURSION = YES;
				CLANG_WARN_INT_CONVERSION = YES;
				CLANG_WARN_NON_LITERAL_NULL_CONVERSION = YES;
				CLANG_WARN_OBJC_IMPLICIT_RETAIN_SELF = YES;
				CLANG_WARN_OBJC_LITERAL_CONVERSION = YES;
				CLANG_WARN_OBJC_ROOT_CLASS = YES_ERROR;
				CLANG_WARN_QUOTED_INCLUDE_IN_FRAMEWORK_HEADER = YES;
				CLANG_WARN_RANGE_LOOP_ANALYSIS = YES;
				CLANG_WARN_STRICT_PROTOTYPES = YES;
				CLANG_WARN_SUSPICIOUS_MOVE = YES;
				CLANG_WARN_UNGUARDED_AVAILABILITY = YES_AGGRESSIVE;
				CLANG_WARN_UNREACHABLE_CODE = YES;
				CLANG_WARN__DUPLICATE_METHOD_MATCH = YES;
				COPY_PHASE_STRIP = NO;
				DEBUG_INFORMATION_FORMAT = dwarf;
				ENABLE_STRICT_OBJC_MSGSEND = YES;
				ENABLE_TESTABILITY = YES;
				GCC_C_LANGUAGE_STANDARD = gnu11;
				GCC_DYNAMIC_NO_PIC = NO;
				GCC_NO_COMMON_BLOCKS = YES;
				GCC_OPTIMIZATION_LEVEL = 0;
				GCC_PREPROCESSOR_DEFINITIONS = (
					"DEBUG=1",
					"$(inherited)",
				);
				GCC_WARN_64_TO_32_BIT_CONVERSION = YES;
				GCC_WARN_ABOUT_RETURN_TYPE = YES_ERROR;
				GCC_WARN_UNDECLARED_SELECTOR = YES;
				GCC_WARN_UNINITIALIZED_AUTOS = YES_AGGRESSIVE;
				GCC_WARN_UNUSED_FUNCTION = YES;
				GCC_WARN_UNUSED_VARIABLE = YES;
				IPHONEOS_DEPLOYMENT_TARGET = 14.2;
				MTL_ENABLE_DEBUG_INFO = INCLUDE_SOURCE;
				MTL_FAST_MATH = YES;
				ONLY_ACTIVE_ARCH = YES;
				SDKROOT = iphoneos;
				SWIFT_ACTIVE_COMPILATION_CONDITIONS = DEBUG;
				SWIFT_OPTIMIZATION_LEVEL = "-Onone";
			};
			name = Debug;
		};
		78002801257E29E100C909B2 /* Release */ = {
			isa = XCBuildConfiguration;
			buildSettings = {
				ALWAYS_SEARCH_USER_PATHS = NO;
				CLANG_ANALYZER_NONNULL = YES;
				CLANG_ANALYZER_NUMBER_OBJECT_CONVERSION = YES_AGGRESSIVE;
				CLANG_CXX_LANGUAGE_STANDARD = "gnu++14";
				CLANG_CXX_LIBRARY = "libc++";
				CLANG_ENABLE_MODULES = YES;
				CLANG_ENABLE_OBJC_ARC = YES;
				CLANG_ENABLE_OBJC_WEAK = YES;
				CLANG_WARN_BLOCK_CAPTURE_AUTORELEASING = YES;
				CLANG_WARN_BOOL_CONVERSION = YES;
				CLANG_WARN_COMMA = YES;
				CLANG_WARN_CONSTANT_CONVERSION = YES;
				CLANG_WARN_DEPRECATED_OBJC_IMPLEMENTATIONS = YES;
				CLANG_WARN_DIRECT_OBJC_ISA_USAGE = YES_ERROR;
				CLANG_WARN_DOCUMENTATION_COMMENTS = YES;
				CLANG_WARN_EMPTY_BODY = YES;
				CLANG_WARN_ENUM_CONVERSION = YES;
				CLANG_WARN_INFINITE_RECURSION = YES;
				CLANG_WARN_INT_CONVERSION = YES;
				CLANG_WARN_NON_LITERAL_NULL_CONVERSION = YES;
				CLANG_WARN_OBJC_IMPLICIT_RETAIN_SELF = YES;
				CLANG_WARN_OBJC_LITERAL_CONVERSION = YES;
				CLANG_WARN_OBJC_ROOT_CLASS = YES_ERROR;
				CLANG_WARN_QUOTED_INCLUDE_IN_FRAMEWORK_HEADER = YES;
				CLANG_WARN_RANGE_LOOP_ANALYSIS = YES;
				CLANG_WARN_STRICT_PROTOTYPES = YES;
				CLANG_WARN_SUSPICIOUS_MOVE = YES;
				CLANG_WARN_UNGUARDED_AVAILABILITY = YES_AGGRESSIVE;
				CLANG_WARN_UNREACHABLE_CODE = YES;
				CLANG_WARN__DUPLICATE_METHOD_MATCH = YES;
				COPY_PHASE_STRIP = NO;
				DEBUG_INFORMATION_FORMAT = "dwarf-with-dsym";
				ENABLE_NS_ASSERTIONS = NO;
				ENABLE_STRICT_OBJC_MSGSEND = YES;
				GCC_C_LANGUAGE_STANDARD = gnu11;
				GCC_NO_COMMON_BLOCKS = YES;
				GCC_WARN_64_TO_32_BIT_CONVERSION = YES;
				GCC_WARN_ABOUT_RETURN_TYPE = YES_ERROR;
				GCC_WARN_UNDECLARED_SELECTOR = YES;
				GCC_WARN_UNINITIALIZED_AUTOS = YES_AGGRESSIVE;
				GCC_WARN_UNUSED_FUNCTION = YES;
				GCC_WARN_UNUSED_VARIABLE = YES;
				IPHONEOS_DEPLOYMENT_TARGET = 14.2;
				MTL_ENABLE_DEBUG_INFO = NO;
				MTL_FAST_MATH = YES;
				SDKROOT = iphoneos;
				SWIFT_COMPILATION_MODE = wholemodule;
				SWIFT_OPTIMIZATION_LEVEL = "-O";
				VALIDATE_PRODUCT = YES;
			};
			name = Release;
		};
		78002803257E29E100C909B2 /* Debug */ = {
			isa = XCBuildConfiguration;
			buildSettings = {
				ASSETCATALOG_COMPILER_APPICON_NAME = AppIcon;
				ASSETCATALOG_COMPILER_GLOBAL_ACCENT_COLOR_NAME = AccentColor;
				CODE_SIGN_STYLE = Automatic;
				DEVELOPMENT_TEAM = 36UX7SKY3J;
				INFOPLIST_FILE = "Weather(Skillbox)/Misc/Info.plist";
				LD_RUNPATH_SEARCH_PATHS = (
					"$(inherited)",
					"@executable_path/Frameworks",
				);
				PRODUCT_BUNDLE_IDENTIFIER = "IB.Weather-Skillbox-";
				PRODUCT_NAME = "$(TARGET_NAME)";
				SWIFT_VERSION = 5.0;
				TARGETED_DEVICE_FAMILY = "1,2";
			};
			name = Debug;
		};
		78002804257E29E100C909B2 /* Release */ = {
			isa = XCBuildConfiguration;
			buildSettings = {
				ASSETCATALOG_COMPILER_APPICON_NAME = AppIcon;
				ASSETCATALOG_COMPILER_GLOBAL_ACCENT_COLOR_NAME = AccentColor;
				CODE_SIGN_STYLE = Automatic;
				DEVELOPMENT_TEAM = 36UX7SKY3J;
				INFOPLIST_FILE = "Weather(Skillbox)/Misc/Info.plist";
				LD_RUNPATH_SEARCH_PATHS = (
					"$(inherited)",
					"@executable_path/Frameworks",
				);
				PRODUCT_BUNDLE_IDENTIFIER = "IB.Weather-Skillbox-";
				PRODUCT_NAME = "$(TARGET_NAME)";
				SWIFT_VERSION = 5.0;
				TARGETED_DEVICE_FAMILY = "1,2";
			};
			name = Release;
		};
/* End XCBuildConfiguration section */

/* Begin XCConfigurationList section */
		780027E6257E29E000C909B2 /* Build configuration list for PBXProject "Weather(Skillbox)" */ = {
			isa = XCConfigurationList;
			buildConfigurations = (
				78002800257E29E100C909B2 /* Debug */,
				78002801257E29E100C909B2 /* Release */,
			);
			defaultConfigurationIsVisible = 0;
			defaultConfigurationName = Release;
		};
		78002802257E29E100C909B2 /* Build configuration list for PBXNativeTarget "Weather(Skillbox)" */ = {
			isa = XCConfigurationList;
			buildConfigurations = (
				78002803257E29E100C909B2 /* Debug */,
				78002804257E29E100C909B2 /* Release */,
			);
			defaultConfigurationIsVisible = 0;
			defaultConfigurationName = Release;
		};
/* End XCConfigurationList section */

/* Begin XCRemoteSwiftPackageReference section */
		78595481257E318900CE699E /* XCRemoteSwiftPackageReference "Alamofire" */ = {
			isa = XCRemoteSwiftPackageReference;
			repositoryURL = "https://github.com/Alamofire/Alamofire.git";
			requirement = {
				kind = upToNextMajorVersion;
				minimumVersion = 5.4.0;
			};
		};
/* End XCRemoteSwiftPackageReference section */

/* Begin XCSwiftPackageProductDependency section */
		78595482257E318900CE699E /* Alamofire */ = {
			isa = XCSwiftPackageProductDependency;
			package = 78595481257E318900CE699E /* XCRemoteSwiftPackageReference "Alamofire" */;
			productName = Alamofire;
		};
/* End XCSwiftPackageProductDependency section */

/* Begin XCVersionGroup section */
		780027F7257E29E000C909B2 /* Weather_Skillbox_.xcdatamodeld */ = {
			isa = XCVersionGroup;
			children = (
				780027F8257E29E000C909B2 /* Weather_Skillbox_.xcdatamodel */,
			);
			currentVersion = 780027F8257E29E000C909B2 /* Weather_Skillbox_.xcdatamodel */;
			path = Weather_Skillbox_.xcdatamodeld;
			sourceTree = "<group>";
			versionGroupType = wrapper.xcdatamodel;
		};
/* End XCVersionGroup section */
	};
	rootObject = 780027E3257E29E000C909B2 /* Project object */;
}
